github.com/goloop/ai v0.4.1 h1:Ne9bde93QWbPneMl3vHWobCVj7gw0qC6d8SQIFnxJVI=
github.com/goloop/ai v0.4.1/go.mod h1:7uZ4LN96OaYwuVqrHyzjXSUTk4PV6c7fdH9OHvhAh7I=
github.com/goloop/anthropic v0.3.1 h1:2cK+PVXQJBWV25Oqwlqi0aJXT3SDv9+pSUMujijIdOM=
github.com/goloop/anthropic v0.3.1/go.mod h1:S3CHwZIEstIqnmE7Szy0/3hTYffbhtufUFeZkv+CRCU=
github.com/goloop/openai v0.3.0 h1:y85K61VTbv7NkG6BLWMVpXobHrA+24LJuigId/370BY=
github.com/goloop/openai v0.3.0/go.mod h1:IXbbt6/BOH3yMEyETfLienvmxbwjzLoGxvFrgF3YSB0=
