github.com/goloop/middlewares v0.3.2 h1:a2CNEF/0eU3rsJ/sqMXdOyEGv4RX4fVFnwD2MWUb62A=
github.com/goloop/middlewares v0.3.2/go.mod h1:kCPaHYQaALTs9ZFIBLoUG1/V5QayK+3XLqaDLaL19yo=
github.com/goloop/mux v1.1.2 h1:ZMpaBvoftjqDNwpnYzfTMpInXNjzhArb8TtUVuVvR6M=
github.com/goloop/mux v1.1.2/go.mod h1:Ocxn2ixn9SewEWM1d69v31qR8vsMi21vLLFo6cmfarE=
github.com/goloop/mux v1.4.1 h1:35qpa6LrUomEu1gZ1PSuAHZNHDD0P5Sp3O5CRxcGxuw=
github.com/goloop/mux v1.4.1/go.mod h1:Ocxn2ixn9SewEWM1d69v31qR8vsMi21vLLFo6cmfarE=
github.com/goloop/resp/v2 v2.3.1 h1:njtXAcTCNcFgn5XAzraGXMTCOor/y4I832nQ2ueTC10=
github.com/goloop/resp/v2 v2.3.1/go.mod h1:+rlKejpOx3NiT4mf7etAIOfKulrDZcnxiX8W9KkhhR4=
