github.com/goloop/app v0.2.0 h1:1So0yfa41A9Q83SRtnvfAKB5oytEFB3py18xGQxJxBE=
github.com/goloop/app v0.2.0/go.mod h1:DHG9WYhJCqxoOw09i+x/VmWh8y0LPRuoHvepwKQ7cS8=
github.com/goloop/auth v0.3.0 h1:ATF7gzJXRz5wDIlnIzTJwb6G5uK0jG8il7UQuLcJPPI=
github.com/goloop/auth v0.3.0/go.mod h1:6iWjvk/whHTM2M5JPtqcuNAelTIbP9QOheKGBtWxMdc=
github.com/goloop/env/v2 v2.6.0 h1:UvOKBqCGud8+PI3u1+jNyLjh3ZyzzFbiczqL+VIjWF0=
github.com/goloop/env/v2 v2.6.0/go.mod h1:9c1ljP78TTxYTUnBp8jpTYclKGONcmUN4hRnNnxFZt4=
github.com/goloop/g/v2 v2.2.1 h1:cyLe7EfpF0ACu6WZRarneL1/7iltCK5ViwPFfXmlITo=
github.com/goloop/g/v2 v2.2.1/go.mod h1:+Ge3HAtawvwcMzYPndp7T7+VX/+XU+Q0vf1oKM7ofo8=
github.com/goloop/is/v2 v2.3.1 h1:RkmkzhNT2XnCz8zjpdFajFf3ciKKr6/MoW9OtyZTeCc=
github.com/goloop/is/v2 v2.3.1/go.mod h1:2ieQe03pylOZ2Njx2Ya97mhZN3P0E8Z0XE+eY2nle9E=
github.com/goloop/jwt v0.2.0 h1:P4H0IdFdMwE2UGMKc4IUTqgxjhbYWO4Mw13NQpwvTms=
github.com/goloop/jwt v0.2.0/go.mod h1:fGj5uWlhx4GVoiEbPTDGIlEDWHoKM0gTyZOrAkcGOow=
github.com/goloop/log/v2 v2.2.1 h1:6eTZK2TBDbkl3zEwe2iiWy5bmQYbgLLgE8tSaulLVWk=
github.com/goloop/log/v2 v2.2.1/go.mod h1:QvXseUvoCRGvhqu/RJ/OWIgnXF3RRQAgOwNL6RfX+U0=
github.com/goloop/middlewares v0.1.1 h1:27xHXukQFTPno5O6kl177PSROIe+2kSsVK05+EMWcMo=
github.com/goloop/middlewares v0.1.1/go.mod h1:kCPaHYQaALTs9ZFIBLoUG1/V5QayK+3XLqaDLaL19yo=
github.com/goloop/mux v0.2.0 h1:WEKNXL2Q2SzZkchNvKEZP5PdRXYxZ/d1/O8SAwftI58=
github.com/goloop/mux v0.2.0/go.mod h1:0/cRVYJd6MBqA/5KGY/U2Oz+74VBrCjcBxBcNiDmyGY=
github.com/goloop/norm v0.4.0 h1:cYaOPiyAOfkDI02MuNMAHaGIzQExrbMQADsURVOMV+g=
github.com/goloop/norm v0.4.0/go.mod h1:a3Lmj23yr82CSA+m74Q60gcWa+flMk0zGZYaryExiMk=
github.com/goloop/observe v0.1.0 h1:s5qCW4IqAM/WNXd5khH3q8sp+lA22xrmD72a4ad2rrc=
github.com/goloop/observe v0.1.0/go.mod h1:RDgHP0muvqJU4mGTtwsCWN1JRysd5LSvdB34bB4nKqc=
github.com/goloop/opt/v2 v2.4.0 h1:xs5Pj7vE2MXuaVRBpdkepXiCqxiwV8WP5ngjFpx4k34=
github.com/goloop/opt/v2 v2.4.0/go.mod h1:ns6m40v1NUBTrbRTB1e8fqCwzIrcTadZItajENdzWiY=
github.com/goloop/resp/v2 v2.2.0 h1:whWDUxgnHAxWgANjuUMHb7BNT3gYekE5wJqeZhvU4U8=
github.com/goloop/resp/v2 v2.2.0/go.mod h1:+rlKejpOx3NiT4mf7etAIOfKulrDZcnxiX8W9KkhhR4=
github.com/goloop/scs/v2 v2.1.0 h1:CcBqLmBkUp6qiB88CqOxapgmYytEy3xKBNpVc1QTaYA=
github.com/goloop/scs/v2 v2.1.0/go.mod h1:VYdbrrtHdQ/p2ru8/lqJ3ZzRF/VFmgG/7QO74fv8RXk=
github.com/goloop/trit/v2 v2.2.0 h1:LWmuXNUO1T8OneIel6txIz5X3HGC6lElySJkiUcdzVU=
github.com/goloop/trit/v2 v2.2.0/go.mod h1:L1IJvAXSzJm/A0yiR5hklDWLqipn/GNCYbTewxH5T6M=
github.com/lib/pq v1.10.9 h1:YXG7RB+JIjhP29X+OtkiDnYaXQwpS4JEWq7dtCCRUEw=
github.com/lib/pq v1.10.9/go.mod h1:AlVN5x4E4T544tWzH6hKfbfQvm3HdbOxrmggDNAPY9o=
