github.com/goloop/app v0.2.0 h1:1So0yfa41A9Q83SRtnvfAKB5oytEFB3py18xGQxJxBE=
github.com/goloop/app v0.2.0/go.mod h1:DHG9WYhJCqxoOw09i+x/VmWh8y0LPRuoHvepwKQ7cS8=
github.com/goloop/auth v0.7.1 h1:irOBNpqulWA9uMwjDz3PF5DSJ1C8yQX3cXJE/pJav0E=
github.com/goloop/auth v0.7.1/go.mod h1:IYXSklKkRrImI9uN5ttkEwdiiEakow91N7uwcn8cEMM=
github.com/goloop/env/v2 v2.7.1 h1:x+rM/akz/78rLWGk+9Ih8I3SrUdugF72H1gWcaQIn54=
github.com/goloop/env/v2 v2.7.1/go.mod h1:9c1ljP78TTxYTUnBp8jpTYclKGONcmUN4hRnNnxFZt4=
github.com/goloop/g/v2 v2.3.0 h1:vF9gdehSx/Mw4TlJyT0FaRmIAp0n9nA+e+HlXH8APB4=
github.com/goloop/g/v2 v2.3.0/go.mod h1:+Ge3HAtawvwcMzYPndp7T7+VX/+XU+Q0vf1oKM7ofo8=
github.com/goloop/is/v2 v2.3.2 h1:977oNL3OJJkPOwSHLVijphfnjvGb4OcUdn20qTaUDQ4=
github.com/goloop/is/v2 v2.3.2/go.mod h1:eNdI505qb/909q5zix/W9oFLQjhUWn+kAosnqlzfuUk=
github.com/goloop/jwt v1.1.0 h1:3EH94VmWiFo7cUt7d6AmSFkOu2eD9tI5WQYzcBlfpLA=
github.com/goloop/jwt v1.1.0/go.mod h1:fGj5uWlhx4GVoiEbPTDGIlEDWHoKM0gTyZOrAkcGOow=
github.com/goloop/log/v2 v2.3.1 h1:+dGN2/mGEDcl8HRZfGn4cw6/UhFVqkNugBeygjCnXCQ=
github.com/goloop/log/v2 v2.3.1/go.mod h1:1oLAvZYczjfjnKopF1cS+PRPMsDsOv9pk6spoThzF+8=
github.com/goloop/middlewares v0.3.2 h1:a2CNEF/0eU3rsJ/sqMXdOyEGv4RX4fVFnwD2MWUb62A=
github.com/goloop/middlewares v0.3.2/go.mod h1:kCPaHYQaALTs9ZFIBLoUG1/V5QayK+3XLqaDLaL19yo=
github.com/goloop/mux v1.1.2 h1:ZMpaBvoftjqDNwpnYzfTMpInXNjzhArb8TtUVuVvR6M=
github.com/goloop/mux v1.1.2/go.mod h1:Ocxn2ixn9SewEWM1d69v31qR8vsMi21vLLFo6cmfarE=
github.com/goloop/norm v1.0.1 h1:RIkwXR/dwYP6W8nEQs98pC5rLWxVfbmh4+HqOfZ/3XQ=
github.com/goloop/norm v1.0.1/go.mod h1:eaMH2/Nlm23jpmSnurqXYflhZDA5W2S65a0ZDIGqs6o=
github.com/goloop/observe v0.1.0 h1:s5qCW4IqAM/WNXd5khH3q8sp+lA22xrmD72a4ad2rrc=
github.com/goloop/observe v0.1.0/go.mod h1:RDgHP0muvqJU4mGTtwsCWN1JRysd5LSvdB34bB4nKqc=
github.com/goloop/opt/v2 v2.4.0 h1:xs5Pj7vE2MXuaVRBpdkepXiCqxiwV8WP5ngjFpx4k34=
github.com/goloop/opt/v2 v2.4.0/go.mod h1:ns6m40v1NUBTrbRTB1e8fqCwzIrcTadZItajENdzWiY=
github.com/goloop/resp/v2 v2.3.1 h1:njtXAcTCNcFgn5XAzraGXMTCOor/y4I832nQ2ueTC10=
github.com/goloop/resp/v2 v2.3.1/go.mod h1:+rlKejpOx3NiT4mf7etAIOfKulrDZcnxiX8W9KkhhR4=
github.com/goloop/scs/v2 v2.1.0 h1:CcBqLmBkUp6qiB88CqOxapgmYytEy3xKBNpVc1QTaYA=
github.com/goloop/scs/v2 v2.1.0/go.mod h1:VYdbrrtHdQ/p2ru8/lqJ3ZzRF/VFmgG/7QO74fv8RXk=
github.com/goloop/trit/v2 v2.2.0 h1:LWmuXNUO1T8OneIel6txIz5X3HGC6lElySJkiUcdzVU=
github.com/goloop/trit/v2 v2.2.0/go.mod h1:L1IJvAXSzJm/A0yiR5hklDWLqipn/GNCYbTewxH5T6M=
github.com/lib/pq v1.10.9 h1:YXG7RB+JIjhP29X+OtkiDnYaXQwpS4JEWq7dtCCRUEw=
github.com/lib/pq v1.10.9/go.mod h1:AlVN5x4E4T544tWzH6hKfbfQvm3HdbOxrmggDNAPY9o=
