github.com/goloop/argon2id v1.1.1 h1:s4S/pwD8eOMU1GNoxDo7P9BbyyWLzCmuNcsH5PtyRjw=
github.com/goloop/argon2id v1.1.1/go.mod h1:K6CcSXZbhvQkTgradenfkGFMTGohe/FVB9Ij/G3Y4TY=
github.com/goloop/auth v0.7.1 h1:irOBNpqulWA9uMwjDz3PF5DSJ1C8yQX3cXJE/pJav0E=
github.com/goloop/auth v0.7.1/go.mod h1:IYXSklKkRrImI9uN5ttkEwdiiEakow91N7uwcn8cEMM=
github.com/goloop/env/v2 v2.7.1 h1:x+rM/akz/78rLWGk+9Ih8I3SrUdugF72H1gWcaQIn54=
github.com/goloop/env/v2 v2.7.1/go.mod h1:9c1ljP78TTxYTUnBp8jpTYclKGONcmUN4hRnNnxFZt4=
github.com/goloop/jwt v1.1.0 h1:3EH94VmWiFo7cUt7d6AmSFkOu2eD9tI5WQYzcBlfpLA=
github.com/goloop/jwt v1.1.0/go.mod h1:fGj5uWlhx4GVoiEbPTDGIlEDWHoKM0gTyZOrAkcGOow=
github.com/goloop/middlewares v0.3.2 h1:a2CNEF/0eU3rsJ/sqMXdOyEGv4RX4fVFnwD2MWUb62A=
github.com/goloop/middlewares v0.3.2/go.mod h1:kCPaHYQaALTs9ZFIBLoUG1/V5QayK+3XLqaDLaL19yo=
github.com/goloop/mux v1.1.2 h1:ZMpaBvoftjqDNwpnYzfTMpInXNjzhArb8TtUVuVvR6M=
github.com/goloop/mux v1.1.2/go.mod h1:Ocxn2ixn9SewEWM1d69v31qR8vsMi21vLLFo6cmfarE=
github.com/goloop/resp/v2 v2.3.1 h1:njtXAcTCNcFgn5XAzraGXMTCOor/y4I832nQ2ueTC10=
github.com/goloop/resp/v2 v2.3.1/go.mod h1:+rlKejpOx3NiT4mf7etAIOfKulrDZcnxiX8W9KkhhR4=
