github.com/goloop/ai v1.1.1 h1:H74s+nDIr1+ov7jtiWLvOPNcyNadhlypxRL28VOqQb0=
github.com/goloop/ai v1.1.1/go.mod h1:7uZ4LN96OaYwuVqrHyzjXSUTk4PV6c7fdH9OHvhAh7I=
github.com/goloop/anthropic v1.1.2 h1:KBY57isx0QwndjDiAbI0xXO+Lu4plmBOtuyAQBykN5s=
github.com/goloop/anthropic v1.1.2/go.mod h1:XWcooTwNmGfG54Enj+bgbf5074yf+2ojSjvMoGv+/Xk=
github.com/goloop/openai v1.1.2 h1:kuI1OM7Vb2Z8o0570WE0aGs9q3DLEPt0IXDpH+HXkeE=
github.com/goloop/openai v1.1.2/go.mod h1:JuM5JtkiDppTGqCvRZmDslzPHDyHMeQZAw2eUuhpxl8=
